{
    "_meta": {
        "hash": {
            "sha256": "e40f8d30ad065732e44e68594a517dbbe7d54c8c33e876015e454dec872af7bd"
        },
        "pipfile-spec": 6,
        "requires": {
            "python_version": "3.7"
        },
        "sources": [
            {
                "name": "pypi",
                "url": "https://pypi.org/simple",
                "verify_ssl": true
            }
        ]
    },
    "default": {
        "applicationinsights": {
            "hashes": [
                "sha256:42a2eb05fad51ffdd8246fdf5b2d2c0166d2b34f75a06940a2443d7e17a219fe",
                "sha256:c4712ede8eeca57e611b7fd4b3b6c345745a4a002a08145ab45f92d31d900040"
            ],
            "index": "pypi",
            "version": "==0.11.7"
        },
        "django": {
            "hashes": [
                "sha256:73cca1dac154e749b39cc91a54dc876109eb0512a5c6804986495305047066a5",
                "sha256:7ee7d93d407f082e3849c8d10da50ff5b488af37ed1b0066a22dee5f2709ed16"
            ],
            "index": "pypi",
            "version": "==1.11.18"
        },
        "pytz": {
            "hashes": [
                "sha256:32b0891edff07e28efe91284ed9c31e123d84bea3fd98e1f72be2508f43ef8d9",
                "sha256:d5f05e487007e29e03409f9398d074e158d920d36eb82eaf66fb1136b0c5374c"
            ],
            "version": "==2018.9"
        }
    },
    "develop": {}
}
